
Microsoft Visual Studio Solution File, Format Version 12.00
# Visual Studio Version 16
VisualStudioVersion = 16.0.31729.503
MinimumVisualStudioVersion = 10.0.40219.1
Project("{FAE04EC0-301F-11D3-BF4B-00C04F79EFBC}") = "SetUpCar1", "SetUpCar1\SetUpCar1.csproj", "{274C0074-4394-4803-AC53-9DF7E42FDEFC}"
EndProject
Global
	GlobalSection(SolutionConfigurationPlatforms) = preSolution
		Debug|Any CPU = Debug|Any CPU
		Release|Any CPU = Release|Any CPU
	EndGlobalSection
	GlobalSection(ProjectConfigurationPlatforms) = postSolution
		{274C0074-4394-4803-AC53-9DF7E42FDEFC}.Debug|Any CPU.ActiveCfg = Debug|Any CPU
		{274C0074-4394-4803-AC53-9DF7E42FDEFC}.Debug|Any CPU.Build.0 = Debug|Any CPU
		{274C0074-4394-4803-AC53-9DF7E42FDEFC}.Release|Any CPU.ActiveCfg = Release|Any CPU
		{274C0074-4394-4803-AC53-9DF7E42FDEFC}.Release|Any CPU.Build.0 = Release|Any CPU
	EndGlobalSection
	GlobalSection(SolutionProperties) = preSolution
		HideSolutionNode = FALSE
	EndGlobalSection
	GlobalSection(ExtensibilityGlobals) = postSolution
		SolutionGuid = {B6EE18EF-0157-4D6D-8EB4-A8BEE59289B2}
	EndGlobalSection
EndGlobal
